// !$*UTF8*$!
{
	archiveVersion = 1;
	classes = {
	};
	objectVersion = 46;
	objects = {

/* Begin PBXBuildFile section */
		560C1F19E2A50B1C1F92E700 /* Pods_FRNetworkingWithRACKit.framework in Frameworks */ = {isa = PBXBuildFile; fileRef = F1E2342C55915FC3B6CEEB7F /* Pods_FRNetworkingWithRACKit.framework */; };
		D00DBB471EC1B9CF0022DB75 /* main.m in Sources */ = {isa = PBXBuildFile; fileRef = D00DBB461EC1B9CF0022DB75 /* main.m */; };
		D00DBB4A1EC1B9CF0022DB75 /* AppDelegate.m in Sources */ = {isa = PBXBuildFile; fileRef = D00DBB491EC1B9CF0022DB75 /* AppDelegate.m */; };
		D00DBB4D1EC1B9CF0022DB75 /* ViewController.m in Sources */ = {isa = PBXBuildFile; fileRef = D00DBB4C1EC1B9CF0022DB75 /* ViewController.m */; };
		D00DBB501EC1B9CF0022DB75 /* Main.storyboard in Resources */ = {isa = PBXBuildFile; fileRef = D00DBB4E1EC1B9CF0022DB75 /* Main.storyboard */; };
		D00DBB521EC1B9CF0022DB75 /* Assets.xcassets in Resources */ = {isa = PBXBuildFile; fileRef = D00DBB511EC1B9CF0022DB75 /* Assets.xcassets */; };
		D00DBB551EC1B9CF0022DB75 /* LaunchScreen.storyboard in Resources */ = {isa = PBXBuildFile; fileRef = D00DBB531EC1B9CF0022DB75 /* LaunchScreen.storyboard */; };
		D044F4EF1EC2C459002AFCA3 /* FRApiConfig.m in Sources */ = {isa = PBXBuildFile; fileRef = D044F4EE1EC2C459002AFCA3 /* FRApiConfig.m */; };
		D088D6581ECAAA860065D5AD /* NSString+Hash.m in Sources */ = {isa = PBXBuildFile; fileRef = D088D6571ECAAA860065D5AD /* NSString+Hash.m */; };
		D0936B441EC2E7CC008D7321 /* FRApiServerProtocol.h in Sources */ = {isa = PBXBuildFile; fileRef = D0936B431EC2E7CC008D7321 /* FRApiServerProtocol.h */; };
		D0936B4D1EC2F180008D7321 /* FRApiAppConfig.m in Sources */ = {isa = PBXBuildFile; fileRef = D0936B4C1EC2F180008D7321 /* FRApiAppConfig.m */; };
		D0936B501EC2F568008D7321 /* FRApiClient.m in Sources */ = {isa = PBXBuildFile; fileRef = D0936B4F1EC2F568008D7321 /* FRApiClient.m */; };
		D0936B531EC31CB8008D7321 /* FRApiAppClient.m in Sources */ = {isa = PBXBuildFile; fileRef = D0936B521EC31CB8008D7321 /* FRApiAppClient.m */; };
		D0936B561EC419CE008D7321 /* FRApiResponse.m in Sources */ = {isa = PBXBuildFile; fileRef = D0936B551EC419CE008D7321 /* FRApiResponse.m */; };
/* End PBXBuildFile section */

/* Begin PBXFileReference section */
		6018CB4A4FDE31A2D015648E /* Pods-FRNetworkingWithRACKit.release.xcconfig */ = {isa = PBXFileReference; includeInIndex = 1; lastKnownFileType = text.xcconfig; name = "Pods-FRNetworkingWithRACKit.release.xcconfig"; path = "Pods/Target Support Files/Pods-FRNetworkingWithRACKit/Pods-FRNetworkingWithRACKit.release.xcconfig"; sourceTree = "<group>"; };
		7265BE2B1F42DB77259C11E3 /* Pods-FRNetworkingWithRACKit.debug.xcconfig */ = {isa = PBXFileReference; includeInIndex = 1; lastKnownFileType = text.xcconfig; name = "Pods-FRNetworkingWithRACKit.debug.xcconfig"; path = "Pods/Target Support Files/Pods-FRNetworkingWithRACKit/Pods-FRNetworkingWithRACKit.debug.xcconfig"; sourceTree = "<group>"; };
		D00DBB421EC1B9CF0022DB75 /* FRNetworkingWithRACKit.app */ = {isa = PBXFileReference; explicitFileType = wrapper.application; includeInIndex = 0; path = FRNetworkingWithRACKit.app; sourceTree = BUILT_PRODUCTS_DIR; };
		D00DBB461EC1B9CF0022DB75 /* main.m */ = {isa = PBXFileReference; lastKnownFileType = sourcecode.c.objc; path = main.m; sourceTree = "<group>"; };
		D00DBB481EC1B9CF0022DB75 /* AppDelegate.h */ = {isa = PBXFileReference; lastKnownFileType = sourcecode.c.h; path = AppDelegate.h; sourceTree = "<group>"; };
		D00DBB491EC1B9CF0022DB75 /* AppDelegate.m */ = {isa = PBXFileReference; lastKnownFileType = sourcecode.c.objc; path = AppDelegate.m; sourceTree = "<group>"; };
		D00DBB4B1EC1B9CF0022DB75 /* ViewController.h */ = {isa = PBXFileReference; lastKnownFileType = sourcecode.c.h; path = ViewController.h; sourceTree = "<group>"; };
		D00DBB4C1EC1B9CF0022DB75 /* ViewController.m */ = {isa = PBXFileReference; lastKnownFileType = sourcecode.c.objc; path = ViewController.m; sourceTree = "<group>"; };
		D00DBB4F1EC1B9CF0022DB75 /* Base */ = {isa = PBXFileReference; lastKnownFileType = file.storyboard; name = Base; path = Base.lproj/Main.storyboard; sourceTree = "<group>"; };
		D00DBB511EC1B9CF0022DB75 /* Assets.xcassets */ = {isa = PBXFileReference; lastKnownFileType = folder.assetcatalog; path = Assets.xcassets; sourceTree = "<group>"; };
		D00DBB541EC1B9CF0022DB75 /* Base */ = {isa = PBXFileReference; lastKnownFileType = file.storyboard; name = Base; path = Base.lproj/LaunchScreen.storyboard; sourceTree = "<group>"; };
		D00DBB561EC1B9CF0022DB75 /* Info.plist */ = {isa = PBXFileReference; lastKnownFileType = text.plist.xml; path = Info.plist; sourceTree = "<group>"; };
		D044F4ED1EC2C459002AFCA3 /* FRApiConfig.h */ = {isa = PBXFileReference; fileEncoding = 4; lastKnownFileType = sourcecode.c.h; path = FRApiConfig.h; sourceTree = "<group>"; };
		D044F4EE1EC2C459002AFCA3 /* FRApiConfig.m */ = {isa = PBXFileReference; fileEncoding = 4; lastKnownFileType = sourcecode.c.objc; path = FRApiConfig.m; sourceTree = "<group>"; };
		D088D6561ECAAA860065D5AD /* NSString+Hash.h */ = {isa = PBXFileReference; fileEncoding = 4; lastKnownFileType = sourcecode.c.h; path = "NSString+Hash.h"; sourceTree = "<group>"; };
		D088D6571ECAAA860065D5AD /* NSString+Hash.m */ = {isa = PBXFileReference; fileEncoding = 4; lastKnownFileType = sourcecode.c.objc; path = "NSString+Hash.m"; sourceTree = "<group>"; };
		D0936B431EC2E7CC008D7321 /* FRApiServerProtocol.h */ = {isa = PBXFileReference; fileEncoding = 4; lastKnownFileType = sourcecode.c.h; path = FRApiServerProtocol.h; sourceTree = "<group>"; };
		D0936B491EC2EE52008D7321 /* FRNetConfigProtocol.h */ = {isa = PBXFileReference; fileEncoding = 4; lastKnownFileType = sourcecode.c.h; path = FRNetConfigProtocol.h; sourceTree = "<group>"; };
		D0936B4B1EC2F180008D7321 /* FRApiAppConfig.h */ = {isa = PBXFileReference; fileEncoding = 4; lastKnownFileType = sourcecode.c.h; path = FRApiAppConfig.h; sourceTree = "<group>"; };
		D0936B4C1EC2F180008D7321 /* FRApiAppConfig.m */ = {isa = PBXFileReference; fileEncoding = 4; lastKnownFileType = sourcecode.c.objc; path = FRApiAppConfig.m; sourceTree = "<group>"; };
		D0936B4E1EC2F568008D7321 /* FRApiClient.h */ = {isa = PBXFileReference; fileEncoding = 4; lastKnownFileType = sourcecode.c.h; path = FRApiClient.h; sourceTree = "<group>"; };
		D0936B4F1EC2F568008D7321 /* FRApiClient.m */ = {isa = PBXFileReference; fileEncoding = 4; lastKnownFileType = sourcecode.c.objc; path = FRApiClient.m; sourceTree = "<group>"; };
		D0936B511EC31CB8008D7321 /* FRApiAppClient.h */ = {isa = PBXFileReference; fileEncoding = 4; lastKnownFileType = sourcecode.c.h; path = FRApiAppClient.h; sourceTree = "<group>"; };
		D0936B521EC31CB8008D7321 /* FRApiAppClient.m */ = {isa = PBXFileReference; fileEncoding = 4; lastKnownFileType = sourcecode.c.objc; path = FRApiAppClient.m; sourceTree = "<group>"; };
		D0936B541EC419CE008D7321 /* FRApiResponse.h */ = {isa = PBXFileReference; fileEncoding = 4; lastKnownFileType = sourcecode.c.h; path = FRApiResponse.h; sourceTree = "<group>"; };
		D0936B551EC419CE008D7321 /* FRApiResponse.m */ = {isa = PBXFileReference; fileEncoding = 4; lastKnownFileType = sourcecode.c.objc; path = FRApiResponse.m; sourceTree = "<group>"; };
		F1E2342C55915FC3B6CEEB7F /* Pods_FRNetworkingWithRACKit.framework */ = {isa = PBXFileReference; explicitFileType = wrapper.framework; includeInIndex = 0; path = Pods_FRNetworkingWithRACKit.framework; sourceTree = BUILT_PRODUCTS_DIR; };
/* End PBXFileReference section */

/* Begin PBXFrameworksBuildPhase section */
		D00DBB3F1EC1B9CF0022DB75 /* Frameworks */ = {
			isa = PBXFrameworksBuildPhase;
			buildActionMask = 2147483647;
			files = (
				560C1F19E2A50B1C1F92E700 /* Pods_FRNetworkingWithRACKit.framework in Frameworks */,
			);
			runOnlyForDeploymentPostprocessing = 0;
		};
/* End PBXFrameworksBuildPhase section */

/* Begin PBXGroup section */
		A1AC481B0DCEE55AFAC62CFA /* Pods */ = {
			isa = PBXGroup;
			children = (
				7265BE2B1F42DB77259C11E3 /* Pods-FRNetworkingWithRACKit.debug.xcconfig */,
				6018CB4A4FDE31A2D015648E /* Pods-FRNetworkingWithRACKit.release.xcconfig */,
			);
			name = Pods;
			sourceTree = "<group>";
		};
		D00DBB391EC1B9CF0022DB75 = {
			isa = PBXGroup;
			children = (
				D00DBB5C1EC1B9DB0022DB75 /* Source */,
				D00DBB441EC1B9CF0022DB75 /* FRNetworkingWithRACKit */,
				D00DBB431EC1B9CF0022DB75 /* Products */,
				A1AC481B0DCEE55AFAC62CFA /* Pods */,
				D7759C1DB9359D857BAFA3E1 /* Frameworks */,
			);
			sourceTree = "<group>";
		};
		D00DBB431EC1B9CF0022DB75 /* Products */ = {
			isa = PBXGroup;
			children = (
				D00DBB421EC1B9CF0022DB75 /* FRNetworkingWithRACKit.app */,
			);
			name = Products;
			sourceTree = "<group>";
		};
		D00DBB441EC1B9CF0022DB75 /* FRNetworkingWithRACKit */ = {
			isa = PBXGroup;
			children = (
				D088D6551ECAAA6C0065D5AD /* CustomTools */,
				D0936B4A1EC2F145008D7321 /* CustomNetwork */,
				D00DBB481EC1B9CF0022DB75 /* AppDelegate.h */,
				D00DBB491EC1B9CF0022DB75 /* AppDelegate.m */,
				D00DBB4B1EC1B9CF0022DB75 /* ViewController.h */,
				D00DBB4C1EC1B9CF0022DB75 /* ViewController.m */,
				D00DBB4E1EC1B9CF0022DB75 /* Main.storyboard */,
				D00DBB511EC1B9CF0022DB75 /* Assets.xcassets */,
				D00DBB531EC1B9CF0022DB75 /* LaunchScreen.storyboard */,
				D00DBB561EC1B9CF0022DB75 /* Info.plist */,
				D00DBB451EC1B9CF0022DB75 /* Supporting Files */,
			);
			path = FRNetworkingWithRACKit;
			sourceTree = "<group>";
		};
		D00DBB451EC1B9CF0022DB75 /* Supporting Files */ = {
			isa = PBXGroup;
			children = (
				D00DBB461EC1B9CF0022DB75 /* main.m */,
			);
			name = "Supporting Files";
			sourceTree = "<group>";
		};
		D00DBB5C1EC1B9DB0022DB75 /* Source */ = {
			isa = PBXGroup;
			children = (
				D00DBB5D1EC1B9DB0022DB75 /* Classes */,
			);
			name = Source;
			path = ../Source;
			sourceTree = "<group>";
		};
		D00DBB5D1EC1B9DB0022DB75 /* Classes */ = {
			isa = PBXGroup;
			children = (
				D044F4ED1EC2C459002AFCA3 /* FRApiConfig.h */,
				D044F4EE1EC2C459002AFCA3 /* FRApiConfig.m */,
				D0936B431EC2E7CC008D7321 /* FRApiServerProtocol.h */,
				D0936B491EC2EE52008D7321 /* FRNetConfigProtocol.h */,
				D0936B4E1EC2F568008D7321 /* FRApiClient.h */,
				D0936B4F1EC2F568008D7321 /* FRApiClient.m */,
			);
			path = Classes;
			sourceTree = "<group>";
		};
		D088D6551ECAAA6C0065D5AD /* CustomTools */ = {
			isa = PBXGroup;
			children = (
				D088D6561ECAAA860065D5AD /* NSString+Hash.h */,
				D088D6571ECAAA860065D5AD /* NSString+Hash.m */,
			);
			name = CustomTools;
			sourceTree = "<group>";
		};
		D0936B4A1EC2F145008D7321 /* CustomNetwork */ = {
			isa = PBXGroup;
			children = (
				D0936B4B1EC2F180008D7321 /* FRApiAppConfig.h */,
				D0936B4C1EC2F180008D7321 /* FRApiAppConfig.m */,
				D0936B511EC31CB8008D7321 /* FRApiAppClient.h */,
				D0936B521EC31CB8008D7321 /* FRApiAppClient.m */,
				D0936B541EC419CE008D7321 /* FRApiResponse.h */,
				D0936B551EC419CE008D7321 /* FRApiResponse.m */,
			);
			name = CustomNetwork;
			sourceTree = "<group>";
		};
		D7759C1DB9359D857BAFA3E1 /* Frameworks */ = {
			isa = PBXGroup;
			children = (
				F1E2342C55915FC3B6CEEB7F /* Pods_FRNetworkingWithRACKit.framework */,
			);
			name = Frameworks;
			sourceTree = "<group>";
		};
/* End PBXGroup section */

/* Begin PBXNativeTarget section */
		D00DBB411EC1B9CF0022DB75 /* FRNetworkingWithRACKit */ = {
			isa = PBXNativeTarget;
			buildConfigurationList = D00DBB591EC1B9CF0022DB75 /* Build configuration list for PBXNativeTarget "FRNetworkingWithRACKit" */;
			buildPhases = (
				43F5291825BE5DC42E7FD583 /* [CP] Check Pods Manifest.lock */,
				D00DBB3E1EC1B9CF0022DB75 /* Sources */,
				D00DBB3F1EC1B9CF0022DB75 /* Frameworks */,
				D00DBB401EC1B9CF0022DB75 /* Resources */,
				05322BC53AC0C40DD3CA6797 /* [CP] Embed Pods Frameworks */,
				D0ADFF64287248B3FAA69EBC /* [CP] Copy Pods Resources */,
			);
			buildRules = (
			);
			dependencies = (
			);
			name = FRNetworkingWithRACKit;
			productName = FRNetworkingWithRACKit;
			productReference = D00DBB421EC1B9CF0022DB75 /* FRNetworkingWithRACKit.app */;
			productType = "com.apple.product-type.application";
		};
/* End PBXNativeTarget section */

/* Begin PBXProject section */
		D00DBB3A1EC1B9CF0022DB75 /* Project object */ = {
			isa = PBXProject;
			attributes = {
				LastUpgradeCheck = 0830;
				ORGANIZATIONNAME = zengfxios;
				TargetAttributes = {
					D00DBB411EC1B9CF0022DB75 = {
						CreatedOnToolsVersion = 8.3.2;
						DevelopmentTeam = AVQ8S7662K;
						ProvisioningStyle = Automatic;
					};
				};
			};
			buildConfigurationList = D00DBB3D1EC1B9CF0022DB75 /* Build configuration list for PBXProject "FRNetworkingWithRACKit" */;
			compatibilityVersion = "Xcode 3.2";
			developmentRegion = English;
			hasScannedForEncodings = 0;
			knownRegions = (
				en,
				Base,
			);
			mainGroup = D00DBB391EC1B9CF0022DB75;
			productRefGroup = D00DBB431EC1B9CF0022DB75 /* Products */;
			projectDirPath = "";
			projectRoot = "";
			targets = (
				D00DBB411EC1B9CF0022DB75 /* FRNetworkingWithRACKit */,
			);
		};
/* End PBXProject section */

/* Begin PBXResourcesBuildPhase section */
		D00DBB401EC1B9CF0022DB75 /* Resources */ = {
			isa = PBXResourcesBuildPhase;
			buildActionMask = 2147483647;
			files = (
				D00DBB551EC1B9CF0022DB75 /* LaunchScreen.storyboard in Resources */,
				D00DBB521EC1B9CF0022DB75 /* Assets.xcassets in Resources */,
				D00DBB501EC1B9CF0022DB75 /* Main.storyboard in Resources */,
			);
			runOnlyForDeploymentPostprocessing = 0;
		};
/* End PBXResourcesBuildPhase section */

/* Begin PBXShellScriptBuildPhase section */
		05322BC53AC0C40DD3CA6797 /* [CP] Embed Pods Frameworks */ = {
			isa = PBXShellScriptBuildPhase;
			buildActionMask = 2147483647;
			files = (
			);
			inputPaths = (
			);
			name = "[CP] Embed Pods Frameworks";
			outputPaths = (
			);
			runOnlyForDeploymentPostprocessing = 0;
			shellPath = /bin/sh;
			shellScript = "\"${SRCROOT}/Pods/Target Support Files/Pods-FRNetworkingWithRACKit/Pods-FRNetworkingWithRACKit-frameworks.sh\"\n";
			showEnvVarsInLog = 0;
		};
		43F5291825BE5DC42E7FD583 /* [CP] Check Pods Manifest.lock */ = {
			isa = PBXShellScriptBuildPhase;
			buildActionMask = 2147483647;
			files = (
			);
			inputPaths = (
			);
			name = "[CP] Check Pods Manifest.lock";
			outputPaths = (
			);
			runOnlyForDeploymentPostprocessing = 0;
			shellPath = /bin/sh;
			shellScript = "diff \"${PODS_ROOT}/../Podfile.lock\" \"${PODS_ROOT}/Manifest.lock\" > /dev/null\nif [ $? != 0 ] ; then\n    # print error to STDERR\n    echo \"error: The sandbox is not in sync with the Podfile.lock. Run 'pod install' or update your CocoaPods installation.\" >&2\n    exit 1\nfi\n";
			showEnvVarsInLog = 0;
		};
		D0ADFF64287248B3FAA69EBC /* [CP] Copy Pods Resources */ = {
			isa = PBXShellScriptBuildPhase;
			buildActionMask = 2147483647;
			files = (
			);
			inputPaths = (
			);
			name = "[CP] Copy Pods Resources";
			outputPaths = (
			);
			runOnlyForDeploymentPostprocessing = 0;
			shellPath = /bin/sh;
			shellScript = "\"${SRCROOT}/Pods/Target Support Files/Pods-FRNetworkingWithRACKit/Pods-FRNetworkingWithRACKit-resources.sh\"\n";
			showEnvVarsInLog = 0;
		};
/* End PBXShellScriptBuildPhase section */

/* Begin PBXSourcesBuildPhase section */
		D00DBB3E1EC1B9CF0022DB75 /* Sources */ = {
			isa = PBXSourcesBuildPhase;
			buildActionMask = 2147483647;
			files = (
				D044F4EF1EC2C459002AFCA3 /* FRApiConfig.m in Sources */,
				D0936B441EC2E7CC008D7321 /* FRApiServerProtocol.h in Sources */,
				D0936B501EC2F568008D7321 /* FRApiClient.m in Sources */,
				D088D6581ECAAA860065D5AD /* NSString+Hash.m in Sources */,
				D00DBB4D1EC1B9CF0022DB75 /* ViewController.m in Sources */,
				D0936B561EC419CE008D7321 /* FRApiResponse.m in Sources */,
				D00DBB4A1EC1B9CF0022DB75 /* AppDelegate.m in Sources */,
				D0936B531EC31CB8008D7321 /* FRApiAppClient.m in Sources */,
				D0936B4D1EC2F180008D7321 /* FRApiAppConfig.m in Sources */,
				D00DBB471EC1B9CF0022DB75 /* main.m in Sources */,
			);
			runOnlyForDeploymentPostprocessing = 0;
		};
/* End PBXSourcesBuildPhase section */

/* Begin PBXVariantGroup section */
		D00DBB4E1EC1B9CF0022DB75 /* Main.storyboard */ = {
			isa = PBXVariantGroup;
			children = (
				D00DBB4F1EC1B9CF0022DB75 /* Base */,
			);
			name = Main.storyboard;
			sourceTree = "<group>";
		};
		D00DBB531EC1B9CF0022DB75 /* LaunchScreen.storyboard */ = {
			isa = PBXVariantGroup;
			children = (
				D00DBB541EC1B9CF0022DB75 /* Base */,
			);
			name = LaunchScreen.storyboard;
			sourceTree = "<group>";
		};
/* End PBXVariantGroup section */

/* Begin XCBuildConfiguration section */
		D00DBB571EC1B9CF0022DB75 /* Debug */ = {
			isa = XCBuildConfiguration;
			buildSettings = {
				ALWAYS_SEARCH_USER_PATHS = NO;
				CLANG_ANALYZER_NONNULL = YES;
				CLANG_ANALYZER_NUMBER_OBJECT_CONVERSION = YES_AGGRESSIVE;
				CLANG_CXX_LANGUAGE_STANDARD = "gnu++0x";
				CLANG_CXX_LIBRARY = "libc++";
				CLANG_ENABLE_MODULES = YES;
				CLANG_ENABLE_OBJC_ARC = YES;
				CLANG_WARN_BOOL_CONVERSION = YES;
				CLANG_WARN_CONSTANT_CONVERSION = YES;
				CLANG_WARN_DIRECT_OBJC_ISA_USAGE = YES_ERROR;
				CLANG_WARN_DOCUMENTATION_COMMENTS = YES;
				CLANG_WARN_EMPTY_BODY = YES;
				CLANG_WARN_ENUM_CONVERSION = YES;
				CLANG_WARN_INFINITE_RECURSION = YES;
				CLANG_WARN_INT_CONVERSION = YES;
				CLANG_WARN_OBJC_ROOT_CLASS = YES_ERROR;
				CLANG_WARN_SUSPICIOUS_MOVE = YES;
				CLANG_WARN_UNREACHABLE_CODE = YES;
				CLANG_WARN__DUPLICATE_METHOD_MATCH = YES;
				"CODE_SIGN_IDENTITY[sdk=iphoneos*]" = "iPhone Developer";
				COPY_PHASE_STRIP = NO;
				DEBUG_INFORMATION_FORMAT = dwarf;
				ENABLE_STRICT_OBJC_MSGSEND = YES;
				ENABLE_TESTABILITY = YES;
				GCC_C_LANGUAGE_STANDARD = gnu99;
				GCC_DYNAMIC_NO_PIC = NO;
				GCC_NO_COMMON_BLOCKS = YES;
				GCC_OPTIMIZATION_LEVEL = 0;
				GCC_PREPROCESSOR_DEFINITIONS = (
					"DEBUG=1",
					"$(inherited)",
				);
				GCC_WARN_64_TO_32_BIT_CONVERSION = YES;
				GCC_WARN_ABOUT_RETURN_TYPE = YES_ERROR;
				GCC_WARN_UNDECLARED_SELECTOR = YES;
				GCC_WARN_UNINITIALIZED_AUTOS = YES_AGGRESSIVE;
				GCC_WARN_UNUSED_FUNCTION = YES;
				GCC_WARN_UNUSED_VARIABLE = YES;
				IPHONEOS_DEPLOYMENT_TARGET = 10.3;
				MTL_ENABLE_DEBUG_INFO = YES;
				ONLY_ACTIVE_ARCH = YES;
				SDKROOT = iphoneos;
			};
			name = Debug;
		};
		D00DBB581EC1B9CF0022DB75 /* Release */ = {
			isa = XCBuildConfiguration;
			buildSettings = {
				ALWAYS_SEARCH_USER_PATHS = NO;
				CLANG_ANALYZER_NONNULL = YES;
				CLANG_ANALYZER_NUMBER_OBJECT_CONVERSION = YES_AGGRESSIVE;
				CLANG_CXX_LANGUAGE_STANDARD = "gnu++0x";
				CLANG_CXX_LIBRARY = "libc++";
				CLANG_ENABLE_MODULES = YES;
				CLANG_ENABLE_OBJC_ARC = YES;
				CLANG_WARN_BOOL_CONVERSION = YES;
				CLANG_WARN_CONSTANT_CONVERSION = YES;
				CLANG_WARN_DIRECT_OBJC_ISA_USAGE = YES_ERROR;
				CLANG_WARN_DOCUMENTATION_COMMENTS = YES;
				CLANG_WARN_EMPTY_BODY = YES;
				CLANG_WARN_ENUM_CONVERSION = YES;
				CLANG_WARN_INFINITE_RECURSION = YES;
				CLANG_WARN_INT_CONVERSION = YES;
				CLANG_WARN_OBJC_ROOT_CLASS = YES_ERROR;
				CLANG_WARN_SUSPICIOUS_MOVE = YES;
				CLANG_WARN_UNREACHABLE_CODE = YES;
				CLANG_WARN__DUPLICATE_METHOD_MATCH = YES;
				"CODE_SIGN_IDENTITY[sdk=iphoneos*]" = "iPhone Developer";
				COPY_PHASE_STRIP = NO;
				DEBUG_INFORMATION_FORMAT = "dwarf-with-dsym";
				ENABLE_NS_ASSERTIONS = NO;
				ENABLE_STRICT_OBJC_MSGSEND = YES;
				GCC_C_LANGUAGE_STANDARD = gnu99;
				GCC_NO_COMMON_BLOCKS = YES;
				GCC_WARN_64_TO_32_BIT_CONVERSION = YES;
				GCC_WARN_ABOUT_RETURN_TYPE = YES_ERROR;
				GCC_WARN_UNDECLARED_SELECTOR = YES;
				GCC_WARN_UNINITIALIZED_AUTOS = YES_AGGRESSIVE;
				GCC_WARN_UNUSED_FUNCTION = YES;
				GCC_WARN_UNUSED_VARIABLE = YES;
				IPHONEOS_DEPLOYMENT_TARGET = 10.3;
				MTL_ENABLE_DEBUG_INFO = NO;
				SDKROOT = iphoneos;
				VALIDATE_PRODUCT = YES;
			};
			name = Release;
		};
		D00DBB5A1EC1B9CF0022DB75 /* Debug */ = {
			isa = XCBuildConfiguration;
			baseConfigurationReference = 7265BE2B1F42DB77259C11E3 /* Pods-FRNetworkingWithRACKit.debug.xcconfig */;
			buildSettings = {
				ASSETCATALOG_COMPILER_APPICON_NAME = AppIcon;
				DEVELOPMENT_TEAM = AVQ8S7662K;
				INFOPLIST_FILE = FRNetworkingWithRACKit/Info.plist;
				LD_RUNPATH_SEARCH_PATHS = "$(inherited) @executable_path/Frameworks";
				PRODUCT_BUNDLE_IDENTIFIER = zengfxios.FRNetworkingWithRACKit;
				PRODUCT_NAME = "$(TARGET_NAME)";
				USER_HEADER_SEARCH_PATHS = "${SRCROOT}/**";
			};
			name = Debug;
		};
		D00DBB5B1EC1B9CF0022DB75 /* Release */ = {
			isa = XCBuildConfiguration;
			baseConfigurationReference = 6018CB4A4FDE31A2D015648E /* Pods-FRNetworkingWithRACKit.release.xcconfig */;
			buildSettings = {
				ASSETCATALOG_COMPILER_APPICON_NAME = AppIcon;
				DEVELOPMENT_TEAM = AVQ8S7662K;
				INFOPLIST_FILE = FRNetworkingWithRACKit/Info.plist;
				LD_RUNPATH_SEARCH_PATHS = "$(inherited) @executable_path/Frameworks";
				PRODUCT_BUNDLE_IDENTIFIER = zengfxios.FRNetworkingWithRACKit;
				PRODUCT_NAME = "$(TARGET_NAME)";
				USER_HEADER_SEARCH_PATHS = "${SRCROOT}/**";
			};
			name = Release;
		};
/* End XCBuildConfiguration section */

/* Begin XCConfigurationList section */
		D00DBB3D1EC1B9CF0022DB75 /* Build configuration list for PBXProject "FRNetworkingWithRACKit" */ = {
			isa = XCConfigurationList;
			buildConfigurations = (
				D00DBB571EC1B9CF0022DB75 /* Debug */,
				D00DBB581EC1B9CF0022DB75 /* Release */,
			);
			defaultConfigurationIsVisible = 0;
			defaultConfigurationName = Release;
		};
		D00DBB591EC1B9CF0022DB75 /* Build configuration list for PBXNativeTarget "FRNetworkingWithRACKit" */ = {
			isa = XCConfigurationList;
			buildConfigurations = (
				D00DBB5A1EC1B9CF0022DB75 /* Debug */,
				D00DBB5B1EC1B9CF0022DB75 /* Release */,
			);
			defaultConfigurationIsVisible = 0;
			defaultConfigurationName = Release;
		};
/* End XCConfigurationList section */
	};
	rootObject = D00DBB3A1EC1B9CF0022DB75 /* Project object */;
}
